<?xml version="1.0" encoding="utf-8"?>
<Project ToolsVersion="4.0" xmlns="http://schemas.microsoft.com/developer/msbuild/2003">
  <ItemGroup>
    <Filter Include="blockchain">
      <UniqueIdentifier>{ca060f73-161b-4408-aa55-37b5aea41435}</UniqueIdentifier>
    </Filter>
    <Filter Include="util">
      <UniqueIdentifier>{38f3b907-5647-4e8c-a7b9-15df0b774e3c}</UniqueIdentifier>
    </Filter>
    <Filter Include="main">
      <UniqueIdentifier>{67f4cbb0-38b0-4184-87cc-94648274670c}</UniqueIdentifier>
    </Filter>
  </ItemGroup>
  <ItemGroup>
    <ClCompile Include="blockchain\ecc_key.cc">
      <Filter>blockchain</Filter>
    </ClCompile>
    <ClCompile Include="util\string_helper.cpp">
      <Filter>util</Filter>
    </ClCompile>
    <ClCompile Include="blockchain\base58.cpp">
      <Filter>blockchain</Filter>
    </ClCompile>
    <ClCompile Include="blockchain\block.cpp">
      <Filter>blockchain</Filter>
    </ClCompile>
    <ClCompile Include="blockchain\transaction.cpp">
      <Filter>blockchain</Filter>
    </ClCompile>
    <ClCompile Include="util\endian.cpp">
      <Filter>util</Filter>
    </ClCompile>
    <ClCompile Include="blockchain\wallet.cpp">
      <Filter>blockchain</Filter>
    </ClCompile>
    <ClCompile Include="blockchain\arith_uint256.cpp">
      <Filter>blockchain</Filter>
    </ClCompile>
    <ClCompile Include="blockchain\blockchain.cpp">
      <Filter>blockchain</Filter>
    </ClCompile>
    <ClCompile Include="main\msg_thread.cpp">
      <Filter>main</Filter>
    </ClCompile>
    <ClCompile Include="main\main.cpp">
      <Filter>main</Filter>
    </ClCompile>
    <ClCompile Include="blockchain\dbwrapper.cpp">
      <Filter>blockchain</Filter>
    </ClCompile>
    <ClCompile Include="blockchain\dbproxy.cpp">
      <Filter>blockchain</Filter>
    </ClCompile>
  </ItemGroup>
  <ItemGroup>
    <ClInclude Include="blockchain\ecc_key.h">
      <Filter>blockchain</Filter>
    </ClInclude>
    <ClInclude Include="blockchain\uint256.h">
      <Filter>blockchain</Filter>
    </ClInclude>
    <ClInclude Include="util\string_helper.h">
      <Filter>util</Filter>
    </ClInclude>
    <ClInclude Include="blockchain\base58.h">
      <Filter>blockchain</Filter>
    </ClInclude>
    <ClInclude Include="blockchain\hash.h">
      <Filter>blockchain</Filter>
    </ClInclude>
    <ClInclude Include="blockchain\block.h">
      <Filter>blockchain</Filter>
    </ClInclude>
    <ClInclude Include="blockchain\transaction.h">
      <Filter>blockchain</Filter>
    </ClInclude>
    <ClInclude Include="util\endian.h">
      <Filter>util</Filter>
    </ClInclude>
    <ClInclude Include="util\serialize.h">
      <Filter>util</Filter>
    </ClInclude>
    <ClInclude Include="util\file_stream.h">
      <Filter>util</Filter>
    </ClInclude>
    <ClInclude Include="blockchain\wallet.h">
      <Filter>blockchain</Filter>
    </ClInclude>
    <ClInclude Include="blockchain\arith_uint256.h">
      <Filter>blockchain</Filter>
    </ClInclude>
    <ClInclude Include="blockchain\blockchain.h">
      <Filter>blockchain</Filter>
    </ClInclude>
    <ClInclude Include="util\buff_stream.h">
      <Filter>util</Filter>
    </ClInclude>
    <ClInclude Include="util\util.h">
      <Filter>util</Filter>
    </ClInclude>
    <ClInclude Include="main\msg_thread.h">
      <Filter>main</Filter>
    </ClInclude>
    <ClInclude Include="blockchain\dbwrapper.h">
      <Filter>blockchain</Filter>
    </ClInclude>
    <ClInclude Include="blockchain\dbproxy.h">
      <Filter>blockchain</Filter>
    </ClInclude>
  </ItemGroup>
</Project>